
Microsoft Visual Studio Solution File, Format Version 12.00
# Visual Studio 15
VisualStudioVersion = 15.0.26430.15
MinimumVisualStudioVersion = 10.0.40219.1
Project("{FAE04EC0-301F-11D3-BF4B-00C04F79EFBC}") = "Lithnet.ActiveDirectory.PasswordFilter.Managed", "Lithnet.ActiveDirectory.PasswordFilter.Managed\Lithnet.ActiveDirectory.PasswordFilter.Managed.csproj", "{FAAEEAF5-E4F4-47CF-BC1E-2D6AF1282177}"
EndProject
Project("{8BC9CEB8-8B4A-11D0-8D11-00A0C91BC942}") = "Lithnet.ActiveDirectory.PasswordFilter.Native", "Lithnet.ActiveDirectory.PasswordFilter.Native\Lithnet.ActiveDirectory.PasswordFilter.Native.vcxproj", "{850894DF-B439-4DAA-A574-F7CFEA422A2F}"
EndProject
Global
	GlobalSection(SolutionConfigurationPlatforms) = preSolution
		Debug|Any CPU = Debug|Any CPU
		Debug|x64 = Debug|x64
		Debug|x86 = Debug|x86
		Release|Any CPU = Release|Any CPU
		Release|x64 = Release|x64
		Release|x86 = Release|x86
	EndGlobalSection
	GlobalSection(ProjectConfigurationPlatforms) = postSolution
		{FAAEEAF5-E4F4-47CF-BC1E-2D6AF1282177}.Debug|Any CPU.ActiveCfg = Debug|Any CPU
		{FAAEEAF5-E4F4-47CF-BC1E-2D6AF1282177}.Debug|Any CPU.Build.0 = Debug|Any CPU
		{FAAEEAF5-E4F4-47CF-BC1E-2D6AF1282177}.Debug|x64.ActiveCfg = Debug|Any CPU
		{FAAEEAF5-E4F4-47CF-BC1E-2D6AF1282177}.Debug|x64.Build.0 = Debug|Any CPU
		{FAAEEAF5-E4F4-47CF-BC1E-2D6AF1282177}.Debug|x86.ActiveCfg = Debug|Any CPU
		{FAAEEAF5-E4F4-47CF-BC1E-2D6AF1282177}.Debug|x86.Build.0 = Debug|Any CPU
		{FAAEEAF5-E4F4-47CF-BC1E-2D6AF1282177}.Release|Any CPU.ActiveCfg = Release|Any CPU
		{FAAEEAF5-E4F4-47CF-BC1E-2D6AF1282177}.Release|Any CPU.Build.0 = Release|Any CPU
		{FAAEEAF5-E4F4-47CF-BC1E-2D6AF1282177}.Release|x64.ActiveCfg = Release|Any CPU
		{FAAEEAF5-E4F4-47CF-BC1E-2D6AF1282177}.Release|x64.Build.0 = Release|Any CPU
		{FAAEEAF5-E4F4-47CF-BC1E-2D6AF1282177}.Release|x86.ActiveCfg = Release|Any CPU
		{FAAEEAF5-E4F4-47CF-BC1E-2D6AF1282177}.Release|x86.Build.0 = Release|Any CPU
		{850894DF-B439-4DAA-A574-F7CFEA422A2F}.Debug|Any CPU.ActiveCfg = Debug|Win32
		{850894DF-B439-4DAA-A574-F7CFEA422A2F}.Debug|x64.ActiveCfg = Debug|x64
		{850894DF-B439-4DAA-A574-F7CFEA422A2F}.Debug|x64.Build.0 = Debug|x64
		{850894DF-B439-4DAA-A574-F7CFEA422A2F}.Debug|x86.ActiveCfg = Debug|Win32
		{850894DF-B439-4DAA-A574-F7CFEA422A2F}.Debug|x86.Build.0 = Debug|Win32
		{850894DF-B439-4DAA-A574-F7CFEA422A2F}.Release|Any CPU.ActiveCfg = Release|Win32
		{850894DF-B439-4DAA-A574-F7CFEA422A2F}.Release|x64.ActiveCfg = Release|x64
		{850894DF-B439-4DAA-A574-F7CFEA422A2F}.Release|x64.Build.0 = Release|x64
		{850894DF-B439-4DAA-A574-F7CFEA422A2F}.Release|x86.ActiveCfg = Release|Win32
		{850894DF-B439-4DAA-A574-F7CFEA422A2F}.Release|x86.Build.0 = Release|Win32
	EndGlobalSection
	GlobalSection(SolutionProperties) = preSolution
		HideSolutionNode = FALSE
	EndGlobalSection
EndGlobal
