
Microsoft Visual Studio Solution File, Format Version 12.00
# Visual Studio Version 17
VisualStudioVersion = 17.2.32630.192
MinimumVisualStudioVersion = 10.0.40219.1
Project("{8BC9CEB8-8B4A-11D0-8D11-00A0C91BC942}") = "PasswordFilter", "PasswordFilter\PasswordFilter.vcxproj", "{850894DF-B439-4DAA-A574-F7CFEA422A2F}"
EndProject
Project("{8BC9CEB8-8B4A-11D0-8D11-00A0C91BC942}") = "NativeUnitTests", "NativeUnitTests\NativeUnitTests.vcxproj", "{4A2761CD-3D07-42C7-8BB9-5CBF3E725D32}"
EndProject
Project("{FAE04EC0-301F-11D3-BF4B-00C04F79EFBC}") = "ManagedUnitTests", "ManagedUnitTests\ManagedUnitTests.csproj", "{B94AE2C5-72F3-40FC-BB70-C18B33D19A2B}"
EndProject
Project("{9A19103F-16F7-4668-BE54-9A1E7A4F7556}") = "Lithnet.ActiveDirectory.PasswordProtection", "PasswordProtection\Lithnet.ActiveDirectory.PasswordProtection.csproj", "{61DF881D-34FE-462B-AAA8-A56CD4DFF287}"
EndProject
Project("{9A19103F-16F7-4668-BE54-9A1E7A4F7556}") = "Lithnet.ActiveDirectory.PasswordProtection.PowerShell", "PasswordProtectionPS\Lithnet.ActiveDirectory.PasswordProtection.PowerShell.csproj", "{5F3D1518-5EDC-4552-8A65-19C20037EF3E}"
EndProject
Global
	GlobalSection(SolutionConfigurationPlatforms) = preSolution
		Debug|Any CPU = Debug|Any CPU
		Debug|x64 = Debug|x64
		Debug|x86 = Debug|x86
		Release|Any CPU = Release|Any CPU
		Release|x64 = Release|x64
		Release|x86 = Release|x86
	EndGlobalSection
	GlobalSection(ProjectConfigurationPlatforms) = postSolution
		{850894DF-B439-4DAA-A574-F7CFEA422A2F}.Debug|Any CPU.ActiveCfg = Debug|x64
		{850894DF-B439-4DAA-A574-F7CFEA422A2F}.Debug|Any CPU.Build.0 = Debug|x64
		{850894DF-B439-4DAA-A574-F7CFEA422A2F}.Debug|x64.ActiveCfg = Debug|x64
		{850894DF-B439-4DAA-A574-F7CFEA422A2F}.Debug|x64.Build.0 = Debug|x64
		{850894DF-B439-4DAA-A574-F7CFEA422A2F}.Debug|x86.ActiveCfg = Debug|Win32
		{850894DF-B439-4DAA-A574-F7CFEA422A2F}.Debug|x86.Build.0 = Debug|Win32
		{850894DF-B439-4DAA-A574-F7CFEA422A2F}.Release|Any CPU.ActiveCfg = Release|x64
		{850894DF-B439-4DAA-A574-F7CFEA422A2F}.Release|Any CPU.Build.0 = Release|x64
		{850894DF-B439-4DAA-A574-F7CFEA422A2F}.Release|x64.ActiveCfg = Release|x64
		{850894DF-B439-4DAA-A574-F7CFEA422A2F}.Release|x64.Build.0 = Release|x64
		{850894DF-B439-4DAA-A574-F7CFEA422A2F}.Release|x86.ActiveCfg = Release|Win32
		{850894DF-B439-4DAA-A574-F7CFEA422A2F}.Release|x86.Build.0 = Release|Win32
		{4A2761CD-3D07-42C7-8BB9-5CBF3E725D32}.Debug|Any CPU.ActiveCfg = Debug|x64
		{4A2761CD-3D07-42C7-8BB9-5CBF3E725D32}.Debug|Any CPU.Build.0 = Debug|x64
		{4A2761CD-3D07-42C7-8BB9-5CBF3E725D32}.Debug|x64.ActiveCfg = Debug|x64
		{4A2761CD-3D07-42C7-8BB9-5CBF3E725D32}.Debug|x64.Build.0 = Debug|x64
		{4A2761CD-3D07-42C7-8BB9-5CBF3E725D32}.Debug|x86.ActiveCfg = Debug|Win32
		{4A2761CD-3D07-42C7-8BB9-5CBF3E725D32}.Debug|x86.Build.0 = Debug|Win32
		{4A2761CD-3D07-42C7-8BB9-5CBF3E725D32}.Release|Any CPU.ActiveCfg = Release|x64
		{4A2761CD-3D07-42C7-8BB9-5CBF3E725D32}.Release|Any CPU.Build.0 = Release|x64
		{4A2761CD-3D07-42C7-8BB9-5CBF3E725D32}.Release|x64.ActiveCfg = Release|x64
		{4A2761CD-3D07-42C7-8BB9-5CBF3E725D32}.Release|x64.Build.0 = Release|x64
		{4A2761CD-3D07-42C7-8BB9-5CBF3E725D32}.Release|x86.ActiveCfg = Release|Win32
		{4A2761CD-3D07-42C7-8BB9-5CBF3E725D32}.Release|x86.Build.0 = Release|Win32
		{B94AE2C5-72F3-40FC-BB70-C18B33D19A2B}.Debug|Any CPU.ActiveCfg = Debug|x64
		{B94AE2C5-72F3-40FC-BB70-C18B33D19A2B}.Debug|Any CPU.Build.0 = Debug|x64
		{B94AE2C5-72F3-40FC-BB70-C18B33D19A2B}.Debug|x64.ActiveCfg = Debug|x64
		{B94AE2C5-72F3-40FC-BB70-C18B33D19A2B}.Debug|x64.Build.0 = Debug|x64
		{B94AE2C5-72F3-40FC-BB70-C18B33D19A2B}.Debug|x86.ActiveCfg = Debug|x64
		{B94AE2C5-72F3-40FC-BB70-C18B33D19A2B}.Debug|x86.Build.0 = Debug|x64
		{B94AE2C5-72F3-40FC-BB70-C18B33D19A2B}.Release|Any CPU.ActiveCfg = Release|x64
		{B94AE2C5-72F3-40FC-BB70-C18B33D19A2B}.Release|Any CPU.Build.0 = Release|x64
		{B94AE2C5-72F3-40FC-BB70-C18B33D19A2B}.Release|x64.ActiveCfg = Release|x64
		{B94AE2C5-72F3-40FC-BB70-C18B33D19A2B}.Release|x64.Build.0 = Release|x64
		{B94AE2C5-72F3-40FC-BB70-C18B33D19A2B}.Release|x86.ActiveCfg = Release|x64
		{B94AE2C5-72F3-40FC-BB70-C18B33D19A2B}.Release|x86.Build.0 = Release|x64
		{61DF881D-34FE-462B-AAA8-A56CD4DFF287}.Debug|Any CPU.ActiveCfg = Debug|x64
		{61DF881D-34FE-462B-AAA8-A56CD4DFF287}.Debug|Any CPU.Build.0 = Debug|x64
		{61DF881D-34FE-462B-AAA8-A56CD4DFF287}.Debug|x64.ActiveCfg = Debug|x64
		{61DF881D-34FE-462B-AAA8-A56CD4DFF287}.Debug|x64.Build.0 = Debug|x64
		{61DF881D-34FE-462B-AAA8-A56CD4DFF287}.Debug|x86.ActiveCfg = Debug|Any CPU
		{61DF881D-34FE-462B-AAA8-A56CD4DFF287}.Debug|x86.Build.0 = Debug|Any CPU
		{61DF881D-34FE-462B-AAA8-A56CD4DFF287}.Release|Any CPU.ActiveCfg = Release|Any CPU
		{61DF881D-34FE-462B-AAA8-A56CD4DFF287}.Release|Any CPU.Build.0 = Release|Any CPU
		{61DF881D-34FE-462B-AAA8-A56CD4DFF287}.Release|x64.ActiveCfg = Release|x64
		{61DF881D-34FE-462B-AAA8-A56CD4DFF287}.Release|x64.Build.0 = Release|x64
		{61DF881D-34FE-462B-AAA8-A56CD4DFF287}.Release|x86.ActiveCfg = Release|Any CPU
		{61DF881D-34FE-462B-AAA8-A56CD4DFF287}.Release|x86.Build.0 = Release|Any CPU
		{5F3D1518-5EDC-4552-8A65-19C20037EF3E}.Debug|Any CPU.ActiveCfg = Debug|x64
		{5F3D1518-5EDC-4552-8A65-19C20037EF3E}.Debug|Any CPU.Build.0 = Debug|x64
		{5F3D1518-5EDC-4552-8A65-19C20037EF3E}.Debug|x64.ActiveCfg = Debug|x64
		{5F3D1518-5EDC-4552-8A65-19C20037EF3E}.Debug|x64.Build.0 = Debug|x64
		{5F3D1518-5EDC-4552-8A65-19C20037EF3E}.Debug|x86.ActiveCfg = Debug|Any CPU
		{5F3D1518-5EDC-4552-8A65-19C20037EF3E}.Debug|x86.Build.0 = Debug|Any CPU
		{5F3D1518-5EDC-4552-8A65-19C20037EF3E}.Release|Any CPU.ActiveCfg = Release|Any CPU
		{5F3D1518-5EDC-4552-8A65-19C20037EF3E}.Release|Any CPU.Build.0 = Release|Any CPU
		{5F3D1518-5EDC-4552-8A65-19C20037EF3E}.Release|x64.ActiveCfg = Release|x64
		{5F3D1518-5EDC-4552-8A65-19C20037EF3E}.Release|x64.Build.0 = Release|x64
		{5F3D1518-5EDC-4552-8A65-19C20037EF3E}.Release|x86.ActiveCfg = Release|Any CPU
		{5F3D1518-5EDC-4552-8A65-19C20037EF3E}.Release|x86.Build.0 = Release|Any CPU
	EndGlobalSection
	GlobalSection(SolutionProperties) = preSolution
		HideSolutionNode = FALSE
	EndGlobalSection
	GlobalSection(ExtensibilityGlobals) = postSolution
		SolutionGuid = {88A42210-ADCC-40B2-B16F-9147B681FF19}
	EndGlobalSection
EndGlobal
